
Microsoft Visual Studio Solution File, Format Version 12.00
# Visual Studio Version 17
VisualStudioVersion = 17.7.34018.315
MinimumVisualStudioVersion = 10.0.40219.1
Project("{FAE04EC0-301F-11D3-BF4B-00C04F79EFBC}") = "Phase3Section3.5", "Phase3Section3.5\Phase3Section3.5.csproj", "{BA70D02B-CE56-4614-B693-8D7948AEF85B}"
EndProject
Global
	GlobalSection(SolutionConfigurationPlatforms) = preSolution
		Debug|Any CPU = Debug|Any CPU
		Release|Any CPU = Release|Any CPU
	EndGlobalSection
	GlobalSection(ProjectConfigurationPlatforms) = postSolution
		{BA70D02B-CE56-4614-B693-8D7948AEF85B}.Debug|Any CPU.ActiveCfg = Debug|Any CPU
		{BA70D02B-CE56-4614-B693-8D7948AEF85B}.Debug|Any CPU.Build.0 = Debug|Any CPU
		{BA70D02B-CE56-4614-B693-8D7948AEF85B}.Release|Any CPU.ActiveCfg = Release|Any CPU
		{BA70D02B-CE56-4614-B693-8D7948AEF85B}.Release|Any CPU.Build.0 = Release|Any CPU
	EndGlobalSection
	GlobalSection(SolutionProperties) = preSolution
		HideSolutionNode = FALSE
	EndGlobalSection
	GlobalSection(ExtensibilityGlobals) = postSolution
		SolutionGuid = {FB2B4A68-30C1-4635-B5E5-C68A687F628D}
	EndGlobalSection
EndGlobal
